// !$*UTF8*$!
{
	archiveVersion = 1;
	classes = {
	};
	objectVersion = 56;
	objects = {

/* Begin PBXBuildFile section */
		A923DF48CF33D0B28AC76935 /* Pods_demo.framework in Frameworks */ = {isa = PBXBuildFile; fileRef = 80DC09D9119669C44072BC9E /* Pods_demo.framework */; };
		D42AB76229E1018F009A0AFC /* ActionHandler.swift in Sources */ = {isa = PBXBuildFile; fileRef = D42AB76129E1018F009A0AFC /* ActionHandler.swift */; };
		D42AB76629E1A155009A0AFC /* sample.xml in Resources */ = {isa = PBXBuildFile; fileRef = D42AB76529E1A155009A0AFC /* sample.xml */; };
		D42AB76829E1B3E6009A0AFC /* ColorCode.swift in Sources */ = {isa = PBXBuildFile; fileRef = D42AB76729E1B3E6009A0AFC /* ColorCode.swift */; };
		D42AB76A29E1B4CE009A0AFC /* color-code.plist in Resources */ = {isa = PBXBuildFile; fileRef = D42AB76929E1B4CE009A0AFC /* color-code.plist */; };
		D433928A29E272B000A8847C /* Router.swift in Sources */ = {isa = PBXBuildFile; fileRef = D433928929E272B000A8847C /* Router.swift */; };
		D45A383B29D5742A00713647 /* AppDelegate.swift in Sources */ = {isa = PBXBuildFile; fileRef = D45A383A29D5742A00713647 /* AppDelegate.swift */; };
		D45A383F29D5742A00713647 /* ViewController.swift in Sources */ = {isa = PBXBuildFile; fileRef = D45A383E29D5742A00713647 /* ViewController.swift */; };
		D45A384429D5742B00713647 /* Assets.xcassets in Resources */ = {isa = PBXBuildFile; fileRef = D45A384329D5742B00713647 /* Assets.xcassets */; };
		D45A384729D5742B00713647 /* LaunchScreen.storyboard in Resources */ = {isa = PBXBuildFile; fileRef = D45A384529D5742B00713647 /* LaunchScreen.storyboard */; };
		D492ABB529E002E000E5BF2E /* PropertyHandler.swift in Sources */ = {isa = PBXBuildFile; fileRef = D492ABB429E002E000E5BF2E /* PropertyHandler.swift */; };
		D492ABDC29E01C0300E5BF2E /* ViewPrinter.swift in Sources */ = {isa = PBXBuildFile; fileRef = D492ABDB29E01C0300E5BF2E /* ViewPrinter.swift */; };
		D492ABDE29E0202E00E5BF2E /* HexColor.swift in Sources */ = {isa = PBXBuildFile; fileRef = D492ABDD29E0202E00E5BF2E /* HexColor.swift */; };
/* End PBXBuildFile section */

/* Begin PBXFileReference section */
		50375475BE429F44C66C6501 /* Pods-demo.release.xcconfig */ = {isa = PBXFileReference; includeInIndex = 1; lastKnownFileType = text.xcconfig; name = "Pods-demo.release.xcconfig"; path = "Target Support Files/Pods-demo/Pods-demo.release.xcconfig"; sourceTree = "<group>"; };
		80DC09D9119669C44072BC9E /* Pods_demo.framework */ = {isa = PBXFileReference; explicitFileType = wrapper.framework; includeInIndex = 0; path = Pods_demo.framework; sourceTree = BUILT_PRODUCTS_DIR; };
		AD11E95D37CEFC429ABBA8B3 /* Pods-demo.debug.xcconfig */ = {isa = PBXFileReference; includeInIndex = 1; lastKnownFileType = text.xcconfig; name = "Pods-demo.debug.xcconfig"; path = "Target Support Files/Pods-demo/Pods-demo.debug.xcconfig"; sourceTree = "<group>"; };
		D42AB76129E1018F009A0AFC /* ActionHandler.swift */ = {isa = PBXFileReference; fileEncoding = 4; lastKnownFileType = sourcecode.swift; path = ActionHandler.swift; sourceTree = "<group>"; };
		D42AB76529E1A155009A0AFC /* sample.xml */ = {isa = PBXFileReference; lastKnownFileType = text.xml; path = sample.xml; sourceTree = "<group>"; };
		D42AB76729E1B3E6009A0AFC /* ColorCode.swift */ = {isa = PBXFileReference; lastKnownFileType = sourcecode.swift; path = ColorCode.swift; sourceTree = "<group>"; };
		D42AB76929E1B4CE009A0AFC /* color-code.plist */ = {isa = PBXFileReference; lastKnownFileType = text.plist.xml; path = "color-code.plist"; sourceTree = "<group>"; };
		D433928929E272B000A8847C /* Router.swift */ = {isa = PBXFileReference; lastKnownFileType = sourcecode.swift; path = Router.swift; sourceTree = "<group>"; };
		D45A383729D5742A00713647 /* demo.app */ = {isa = PBXFileReference; explicitFileType = wrapper.application; includeInIndex = 0; path = demo.app; sourceTree = BUILT_PRODUCTS_DIR; };
		D45A383A29D5742A00713647 /* AppDelegate.swift */ = {isa = PBXFileReference; lastKnownFileType = sourcecode.swift; path = AppDelegate.swift; sourceTree = "<group>"; };
		D45A383E29D5742A00713647 /* ViewController.swift */ = {isa = PBXFileReference; lastKnownFileType = sourcecode.swift; path = ViewController.swift; sourceTree = "<group>"; };
		D45A384329D5742B00713647 /* Assets.xcassets */ = {isa = PBXFileReference; lastKnownFileType = folder.assetcatalog; path = Assets.xcassets; sourceTree = "<group>"; };
		D45A384629D5742B00713647 /* Base */ = {isa = PBXFileReference; lastKnownFileType = file.storyboard; name = Base; path = Base.lproj/LaunchScreen.storyboard; sourceTree = "<group>"; };
		D45A384829D5742B00713647 /* Info.plist */ = {isa = PBXFileReference; lastKnownFileType = text.plist.xml; path = Info.plist; sourceTree = "<group>"; };
		D492ABB429E002E000E5BF2E /* PropertyHandler.swift */ = {isa = PBXFileReference; lastKnownFileType = sourcecode.swift; path = PropertyHandler.swift; sourceTree = "<group>"; };
		D492ABDB29E01C0300E5BF2E /* ViewPrinter.swift */ = {isa = PBXFileReference; lastKnownFileType = sourcecode.swift; path = ViewPrinter.swift; sourceTree = "<group>"; };
		D492ABDD29E0202E00E5BF2E /* HexColor.swift */ = {isa = PBXFileReference; lastKnownFileType = sourcecode.swift; path = HexColor.swift; sourceTree = "<group>"; };
/* End PBXFileReference section */

/* Begin PBXFrameworksBuildPhase section */
		D45A383429D5742A00713647 /* Frameworks */ = {
			isa = PBXFrameworksBuildPhase;
			buildActionMask = 2147483647;
			files = (
				A923DF48CF33D0B28AC76935 /* Pods_demo.framework in Frameworks */,
			);
			runOnlyForDeploymentPostprocessing = 0;
		};
/* End PBXFrameworksBuildPhase section */

/* Begin PBXGroup section */
		7504F7D258550428D053BD0B /* Pods */ = {
			isa = PBXGroup;
			children = (
				AD11E95D37CEFC429ABBA8B3 /* Pods-demo.debug.xcconfig */,
				50375475BE429F44C66C6501 /* Pods-demo.release.xcconfig */,
			);
			path = Pods;
			sourceTree = "<group>";
		};
		D342E30D99627B458A7ED63C /* Frameworks */ = {
			isa = PBXGroup;
			children = (
				80DC09D9119669C44072BC9E /* Pods_demo.framework */,
			);
			name = Frameworks;
			sourceTree = "<group>";
		};
		D45A382E29D5742A00713647 = {
			isa = PBXGroup;
			children = (
				D45A383929D5742A00713647 /* demo */,
				D45A383829D5742A00713647 /* Products */,
				7504F7D258550428D053BD0B /* Pods */,
				D342E30D99627B458A7ED63C /* Frameworks */,
			);
			sourceTree = "<group>";
		};
		D45A383829D5742A00713647 /* Products */ = {
			isa = PBXGroup;
			children = (
				D45A383729D5742A00713647 /* demo.app */,
			);
			name = Products;
			sourceTree = "<group>";
		};
		D45A383929D5742A00713647 /* demo */ = {
			isa = PBXGroup;
			children = (
				D45A383A29D5742A00713647 /* AppDelegate.swift */,
				D45A383E29D5742A00713647 /* ViewController.swift */,
				D45A384329D5742B00713647 /* Assets.xcassets */,
				D45A384529D5742B00713647 /* LaunchScreen.storyboard */,
				D45A384829D5742B00713647 /* Info.plist */,
				D42AB76129E1018F009A0AFC /* ActionHandler.swift */,
				D492ABB429E002E000E5BF2E /* PropertyHandler.swift */,
				D492ABDB29E01C0300E5BF2E /* ViewPrinter.swift */,
				D492ABDD29E0202E00E5BF2E /* HexColor.swift */,
				D42AB76529E1A155009A0AFC /* sample.xml */,
				D42AB76729E1B3E6009A0AFC /* ColorCode.swift */,
				D42AB76929E1B4CE009A0AFC /* color-code.plist */,
				D433928929E272B000A8847C /* Router.swift */,
			);
			path = demo;
			sourceTree = "<group>";
		};
/* End PBXGroup section */

/* Begin PBXNativeTarget section */
		D45A383629D5742A00713647 /* demo */ = {
			isa = PBXNativeTarget;
			buildConfigurationList = D45A384B29D5742B00713647 /* Build configuration list for PBXNativeTarget "demo" */;
			buildPhases = (
				BE88A6FFA171FBF3204ABFC1 /* [CP] Check Pods Manifest.lock */,
				D45A383329D5742A00713647 /* Sources */,
				D45A383429D5742A00713647 /* Frameworks */,
				D45A383529D5742A00713647 /* Resources */,
				85B7531D16828ADE20A86993 /* [CP] Embed Pods Frameworks */,
			);
			buildRules = (
			);
			dependencies = (
			);
			name = demo;
			productName = demo;
			productReference = D45A383729D5742A00713647 /* demo.app */;
			productType = "com.apple.product-type.application";
		};
/* End PBXNativeTarget section */

/* Begin PBXProject section */
		D45A382F29D5742A00713647 /* Project object */ = {
			isa = PBXProject;
			attributes = {
				BuildIndependentTargetsInParallel = 1;
				LastSwiftUpdateCheck = 1410;
				LastUpgradeCheck = 1410;
				TargetAttributes = {
					D45A383629D5742A00713647 = {
						CreatedOnToolsVersion = 14.1;
					};
				};
			};
			buildConfigurationList = D45A383229D5742A00713647 /* Build configuration list for PBXProject "demo" */;
			compatibilityVersion = "Xcode 14.0";
			developmentRegion = en;
			hasScannedForEncodings = 0;
			knownRegions = (
				en,
				Base,
			);
			mainGroup = D45A382E29D5742A00713647;
			productRefGroup = D45A383829D5742A00713647 /* Products */;
			projectDirPath = "";
			projectRoot = "";
			targets = (
				D45A383629D5742A00713647 /* demo */,
			);
		};
/* End PBXProject section */

/* Begin PBXResourcesBuildPhase section */
		D45A383529D5742A00713647 /* Resources */ = {
			isa = PBXResourcesBuildPhase;
			buildActionMask = 2147483647;
			files = (
				D45A384729D5742B00713647 /* LaunchScreen.storyboard in Resources */,
				D45A384429D5742B00713647 /* Assets.xcassets in Resources */,
				D42AB76A29E1B4CE009A0AFC /* color-code.plist in Resources */,
				D42AB76629E1A155009A0AFC /* sample.xml in Resources */,
			);
			runOnlyForDeploymentPostprocessing = 0;
		};
/* End PBXResourcesBuildPhase section */

/* Begin PBXShellScriptBuildPhase section */
		85B7531D16828ADE20A86993 /* [CP] Embed Pods Frameworks */ = {
			isa = PBXShellScriptBuildPhase;
			buildActionMask = 2147483647;
			files = (
			);
			inputFileListPaths = (
				"${PODS_ROOT}/Target Support Files/Pods-demo/Pods-demo-frameworks-${CONFIGURATION}-input-files.xcfilelist",
			);
			name = "[CP] Embed Pods Frameworks";
			outputFileListPaths = (
				"${PODS_ROOT}/Target Support Files/Pods-demo/Pods-demo-frameworks-${CONFIGURATION}-output-files.xcfilelist",
			);
			runOnlyForDeploymentPostprocessing = 0;
			shellPath = /bin/sh;
			shellScript = "\"${PODS_ROOT}/Target Support Files/Pods-demo/Pods-demo-frameworks.sh\"\n";
			showEnvVarsInLog = 0;
		};
		BE88A6FFA171FBF3204ABFC1 /* [CP] Check Pods Manifest.lock */ = {
			isa = PBXShellScriptBuildPhase;
			buildActionMask = 2147483647;
			files = (
			);
			inputFileListPaths = (
			);
			inputPaths = (
				"${PODS_PODFILE_DIR_PATH}/Podfile.lock",
				"${PODS_ROOT}/Manifest.lock",
			);
			name = "[CP] Check Pods Manifest.lock";
			outputFileListPaths = (
			);
			outputPaths = (
				"$(DERIVED_FILE_DIR)/Pods-demo-checkManifestLockResult.txt",
			);
			runOnlyForDeploymentPostprocessing = 0;
			shellPath = /bin/sh;
			shellScript = "diff \"${PODS_PODFILE_DIR_PATH}/Podfile.lock\" \"${PODS_ROOT}/Manifest.lock\" > /dev/null\nif [ $? != 0 ] ; then\n    # print error to STDERR\n    echo \"error: The sandbox is not in sync with the Podfile.lock. Run 'pod install' or update your CocoaPods installation.\" >&2\n    exit 1\nfi\n# This output is used by Xcode 'outputs' to avoid re-running this script phase.\necho \"SUCCESS\" > \"${SCRIPT_OUTPUT_FILE_0}\"\n";
			showEnvVarsInLog = 0;
		};
/* End PBXShellScriptBuildPhase section */

/* Begin PBXSourcesBuildPhase section */
		D45A383329D5742A00713647 /* Sources */ = {
			isa = PBXSourcesBuildPhase;
			buildActionMask = 2147483647;
			files = (
				D433928A29E272B000A8847C /* Router.swift in Sources */,
				D42AB76229E1018F009A0AFC /* ActionHandler.swift in Sources */,
				D42AB76829E1B3E6009A0AFC /* ColorCode.swift in Sources */,
				D492ABDE29E0202E00E5BF2E /* HexColor.swift in Sources */,
				D492ABB529E002E000E5BF2E /* PropertyHandler.swift in Sources */,
				D45A383F29D5742A00713647 /* ViewController.swift in Sources */,
				D45A383B29D5742A00713647 /* AppDelegate.swift in Sources */,
				D492ABDC29E01C0300E5BF2E /* ViewPrinter.swift in Sources */,
			);
			runOnlyForDeploymentPostprocessing = 0;
		};
/* End PBXSourcesBuildPhase section */

/* Begin PBXVariantGroup section */
		D45A384529D5742B00713647 /* LaunchScreen.storyboard */ = {
			isa = PBXVariantGroup;
			children = (
				D45A384629D5742B00713647 /* Base */,
			);
			name = LaunchScreen.storyboard;
			sourceTree = "<group>";
		};
/* End PBXVariantGroup section */

/* Begin XCBuildConfiguration section */
		D45A384929D5742B00713647 /* Debug */ = {
			isa = XCBuildConfiguration;
			buildSettings = {
				ALWAYS_SEARCH_USER_PATHS = NO;
				CLANG_ANALYZER_NONNULL = YES;
				CLANG_ANALYZER_NUMBER_OBJECT_CONVERSION = YES_AGGRESSIVE;
				CLANG_CXX_LANGUAGE_STANDARD = "gnu++20";
				CLANG_ENABLE_MODULES = YES;
				CLANG_ENABLE_OBJC_ARC = YES;
				CLANG_ENABLE_OBJC_WEAK = YES;
				CLANG_WARN_BLOCK_CAPTURE_AUTORELEASING = YES;
				CLANG_WARN_BOOL_CONVERSION = YES;
				CLANG_WARN_COMMA = YES;
				CLANG_WARN_CONSTANT_CONVERSION = YES;
				CLANG_WARN_DEPRECATED_OBJC_IMPLEMENTATIONS = YES;
				CLANG_WARN_DIRECT_OBJC_ISA_USAGE = YES_ERROR;
				CLANG_WARN_DOCUMENTATION_COMMENTS = YES;
				CLANG_WARN_EMPTY_BODY = YES;
				CLANG_WARN_ENUM_CONVERSION = YES;
				CLANG_WARN_INFINITE_RECURSION = YES;
				CLANG_WARN_INT_CONVERSION = YES;
				CLANG_WARN_NON_LITERAL_NULL_CONVERSION = YES;
				CLANG_WARN_OBJC_IMPLICIT_RETAIN_SELF = YES;
				CLANG_WARN_OBJC_LITERAL_CONVERSION = YES;
				CLANG_WARN_OBJC_ROOT_CLASS = YES_ERROR;
				CLANG_WARN_QUOTED_INCLUDE_IN_FRAMEWORK_HEADER = YES;
				CLANG_WARN_RANGE_LOOP_ANALYSIS = YES;
				CLANG_WARN_STRICT_PROTOTYPES = YES;
				CLANG_WARN_SUSPICIOUS_MOVE = YES;
				CLANG_WARN_UNGUARDED_AVAILABILITY = YES_AGGRESSIVE;
				CLANG_WARN_UNREACHABLE_CODE = YES;
				CLANG_WARN__DUPLICATE_METHOD_MATCH = YES;
				COPY_PHASE_STRIP = NO;
				DEBUG_INFORMATION_FORMAT = dwarf;
				ENABLE_STRICT_OBJC_MSGSEND = YES;
				ENABLE_TESTABILITY = YES;
				GCC_C_LANGUAGE_STANDARD = gnu11;
				GCC_DYNAMIC_NO_PIC = NO;
				GCC_NO_COMMON_BLOCKS = YES;
				GCC_OPTIMIZATION_LEVEL = 0;
				GCC_PREPROCESSOR_DEFINITIONS = (
					"DEBUG=1",
					"$(inherited)",
				);
				GCC_WARN_64_TO_32_BIT_CONVERSION = YES;
				GCC_WARN_ABOUT_RETURN_TYPE = YES_ERROR;
				GCC_WARN_UNDECLARED_SELECTOR = YES;
				GCC_WARN_UNINITIALIZED_AUTOS = YES_AGGRESSIVE;
				GCC_WARN_UNUSED_FUNCTION = YES;
				GCC_WARN_UNUSED_VARIABLE = YES;
				IPHONEOS_DEPLOYMENT_TARGET = 16.1;
				MTL_ENABLE_DEBUG_INFO = INCLUDE_SOURCE;
				MTL_FAST_MATH = YES;
				ONLY_ACTIVE_ARCH = YES;
				SDKROOT = iphoneos;
				SWIFT_ACTIVE_COMPILATION_CONDITIONS = DEBUG;
				SWIFT_OPTIMIZATION_LEVEL = "-Onone";
			};
			name = Debug;
		};
		D45A384A29D5742B00713647 /* Release */ = {
			isa = XCBuildConfiguration;
			buildSettings = {
				ALWAYS_SEARCH_USER_PATHS = NO;
				CLANG_ANALYZER_NONNULL = YES;
				CLANG_ANALYZER_NUMBER_OBJECT_CONVERSION = YES_AGGRESSIVE;
				CLANG_CXX_LANGUAGE_STANDARD = "gnu++20";
				CLANG_ENABLE_MODULES = YES;
				CLANG_ENABLE_OBJC_ARC = YES;
				CLANG_ENABLE_OBJC_WEAK = YES;
				CLANG_WARN_BLOCK_CAPTURE_AUTORELEASING = YES;
				CLANG_WARN_BOOL_CONVERSION = YES;
				CLANG_WARN_COMMA = YES;
				CLANG_WARN_CONSTANT_CONVERSION = YES;
				CLANG_WARN_DEPRECATED_OBJC_IMPLEMENTATIONS = YES;
				CLANG_WARN_DIRECT_OBJC_ISA_USAGE = YES_ERROR;
				CLANG_WARN_DOCUMENTATION_COMMENTS = YES;
				CLANG_WARN_EMPTY_BODY = YES;
				CLANG_WARN_ENUM_CONVERSION = YES;
				CLANG_WARN_INFINITE_RECURSION = YES;
				CLANG_WARN_INT_CONVERSION = YES;
				CLANG_WARN_NON_LITERAL_NULL_CONVERSION = YES;
				CLANG_WARN_OBJC_IMPLICIT_RETAIN_SELF = YES;
				CLANG_WARN_OBJC_LITERAL_CONVERSION = YES;
				CLANG_WARN_OBJC_ROOT_CLASS = YES_ERROR;
				CLANG_WARN_QUOTED_INCLUDE_IN_FRAMEWORK_HEADER = YES;
				CLANG_WARN_RANGE_LOOP_ANALYSIS = YES;
				CLANG_WARN_STRICT_PROTOTYPES = YES;
				CLANG_WARN_SUSPICIOUS_MOVE = YES;
				CLANG_WARN_UNGUARDED_AVAILABILITY = YES_AGGRESSIVE;
				CLANG_WARN_UNREACHABLE_CODE = YES;
				CLANG_WARN__DUPLICATE_METHOD_MATCH = YES;
				COPY_PHASE_STRIP = NO;
				DEBUG_INFORMATION_FORMAT = "dwarf-with-dsym";
				ENABLE_NS_ASSERTIONS = NO;
				ENABLE_STRICT_OBJC_MSGSEND = YES;
				GCC_C_LANGUAGE_STANDARD = gnu11;
				GCC_NO_COMMON_BLOCKS = YES;
				GCC_WARN_64_TO_32_BIT_CONVERSION = YES;
				GCC_WARN_ABOUT_RETURN_TYPE = YES_ERROR;
				GCC_WARN_UNDECLARED_SELECTOR = YES;
				GCC_WARN_UNINITIALIZED_AUTOS = YES_AGGRESSIVE;
				GCC_WARN_UNUSED_FUNCTION = YES;
				GCC_WARN_UNUSED_VARIABLE = YES;
				IPHONEOS_DEPLOYMENT_TARGET = 16.1;
				MTL_ENABLE_DEBUG_INFO = NO;
				MTL_FAST_MATH = YES;
				SDKROOT = iphoneos;
				SWIFT_COMPILATION_MODE = wholemodule;
				SWIFT_OPTIMIZATION_LEVEL = "-O";
				VALIDATE_PRODUCT = YES;
			};
			name = Release;
		};
		D45A384C29D5742B00713647 /* Debug */ = {
			isa = XCBuildConfiguration;
			baseConfigurationReference = AD11E95D37CEFC429ABBA8B3 /* Pods-demo.debug.xcconfig */;
			buildSettings = {
				ASSETCATALOG_COMPILER_APPICON_NAME = AppIcon;
				ASSETCATALOG_COMPILER_GLOBAL_ACCENT_COLOR_NAME = AccentColor;
				CODE_SIGN_STYLE = Automatic;
				CURRENT_PROJECT_VERSION = 1;
				DEVELOPMENT_TEAM = 5V8DJBQ6XZ;
				GENERATE_INFOPLIST_FILE = YES;
				INFOPLIST_FILE = demo/Info.plist;
				INFOPLIST_KEY_UIApplicationSupportsIndirectInputEvents = YES;
				INFOPLIST_KEY_UILaunchStoryboardName = LaunchScreen;
				INFOPLIST_KEY_UISupportedInterfaceOrientations_iPad = "UIInterfaceOrientationPortrait UIInterfaceOrientationPortraitUpsideDown UIInterfaceOrientationLandscapeLeft UIInterfaceOrientationLandscapeRight";
				INFOPLIST_KEY_UISupportedInterfaceOrientations_iPhone = "UIInterfaceOrientationPortrait UIInterfaceOrientationLandscapeLeft UIInterfaceOrientationLandscapeRight";
				IPHONEOS_DEPLOYMENT_TARGET = 13.0;
				LD_RUNPATH_SEARCH_PATHS = (
					"$(inherited)",
					"@executable_path/Frameworks",
				);
				MARKETING_VERSION = 1.0;
				PRODUCT_BUNDLE_IDENTIFIER = com.shayanbo.demo;
				PRODUCT_NAME = "$(TARGET_NAME)";
				SWIFT_EMIT_LOC_STRINGS = YES;
				SWIFT_VERSION = 5.0;
				TARGETED_DEVICE_FAMILY = "1,2";
			};
			name = Debug;
		};
		D45A384D29D5742B00713647 /* Release */ = {
			isa = XCBuildConfiguration;
			baseConfigurationReference = 50375475BE429F44C66C6501 /* Pods-demo.release.xcconfig */;
			buildSettings = {
				ASSETCATALOG_COMPILER_APPICON_NAME = AppIcon;
				ASSETCATALOG_COMPILER_GLOBAL_ACCENT_COLOR_NAME = AccentColor;
				CODE_SIGN_STYLE = Automatic;
				CURRENT_PROJECT_VERSION = 1;
				DEVELOPMENT_TEAM = 5V8DJBQ6XZ;
				GENERATE_INFOPLIST_FILE = YES;
				INFOPLIST_FILE = demo/Info.plist;
				INFOPLIST_KEY_UIApplicationSupportsIndirectInputEvents = YES;
				INFOPLIST_KEY_UILaunchStoryboardName = LaunchScreen;
				INFOPLIST_KEY_UISupportedInterfaceOrientations_iPad = "UIInterfaceOrientationPortrait UIInterfaceOrientationPortraitUpsideDown UIInterfaceOrientationLandscapeLeft UIInterfaceOrientationLandscapeRight";
				INFOPLIST_KEY_UISupportedInterfaceOrientations_iPhone = "UIInterfaceOrientationPortrait UIInterfaceOrientationLandscapeLeft UIInterfaceOrientationLandscapeRight";
				IPHONEOS_DEPLOYMENT_TARGET = 13.0;
				LD_RUNPATH_SEARCH_PATHS = (
					"$(inherited)",
					"@executable_path/Frameworks",
				);
				MARKETING_VERSION = 1.0;
				PRODUCT_BUNDLE_IDENTIFIER = com.shayanbo.demo;
				PRODUCT_NAME = "$(TARGET_NAME)";
				SWIFT_EMIT_LOC_STRINGS = YES;
				SWIFT_VERSION = 5.0;
				TARGETED_DEVICE_FAMILY = "1,2";
			};
			name = Release;
		};
/* End XCBuildConfiguration section */

/* Begin XCConfigurationList section */
		D45A383229D5742A00713647 /* Build configuration list for PBXProject "demo" */ = {
			isa = XCConfigurationList;
			buildConfigurations = (
				D45A384929D5742B00713647 /* Debug */,
				D45A384A29D5742B00713647 /* Release */,
			);
			defaultConfigurationIsVisible = 0;
			defaultConfigurationName = Release;
		};
		D45A384B29D5742B00713647 /* Build configuration list for PBXNativeTarget "demo" */ = {
			isa = XCConfigurationList;
			buildConfigurations = (
				D45A384C29D5742B00713647 /* Debug */,
				D45A384D29D5742B00713647 /* Release */,
			);
			defaultConfigurationIsVisible = 0;
			defaultConfigurationName = Release;
		};
/* End XCConfigurationList section */
	};
	rootObject = D45A382F29D5742A00713647 /* Project object */;
}
